PODS:
  - TXTransitionSwift (0.1.1)

DEPENDENCIES:
  - TXTransitionSwift (from `../`)

EXTERNAL SOURCES:
  TXTransitionSwift:
    :path: "../"

SPEC CHECKSUMS:
  TXTransitionSwift: 88dff62d9c20271bd16e0d9cdd055050941cd6eb

PODFILE CHECKSUM: a132e73b91b30696c3a01cc419de033ca0696951

COCOAPODS: 1.9.1
