PODS:
  - TXTransitionSwift (0.1.0)

DEPENDENCIES:
  - TXTransitionSwift (from `../`)

EXTERNAL SOURCES:
  TXTransitionSwift:
    :path: "../"

SPEC CHECKSUMS:
  TXTransitionSwift: a5c76da538b32e0dcfe904268da0adf9ea913420

PODFILE CHECKSUM: 461c203f587915cf4ce609defa1ac5c7b8334340

COCOAPODS: 1.9.1
