PODS:
  - TXTransitionSwift (0.2.0)

DEPENDENCIES:
  - TXTransitionSwift (from `../`)

EXTERNAL SOURCES:
  TXTransitionSwift:
    :path: "../"

SPEC CHECKSUMS:
  TXTransitionSwift: 11a18fca421033b9b6788f1d5aaa213f954383de

PODFILE CHECKSUM: a132e73b91b30696c3a01cc419de033ca0696951

COCOAPODS: 1.9.1
